
Microsoft Visual Studio Solution File, Format Version 12.00
# Visual Studio Version 17
VisualStudioVersion = 17.5.002.0
MinimumVisualStudioVersion = 10.0.40219.1
Project("{9A19103F-16F7-4668-BE54-9A1E7A4F7556}") = "64", "64\64.csproj", "{A9BE5EB1-25CC-4B0C-817F-57AC34E3F9A7}"
EndProject
Project("{9A19103F-16F7-4668-BE54-9A1E7A4F7556}") = "66", "66\66.csproj", "{2B07CA66-CD53-4F56-BD0C-70C7AA58B9E5}"
EndProject
Project("{9A19103F-16F7-4668-BE54-9A1E7A4F7556}") = "68", "68\68.csproj", "{2F800E22-F1A3-41F3-AF04-EAB0B3EA459C}"
EndProject
Global
	GlobalSection(SolutionConfigurationPlatforms) = preSolution
		Debug|Any CPU = Debug|Any CPU
		Release|Any CPU = Release|Any CPU
	EndGlobalSection
	GlobalSection(ProjectConfigurationPlatforms) = postSolution
		{A9BE5EB1-25CC-4B0C-817F-57AC34E3F9A7}.Debug|Any CPU.ActiveCfg = Debug|Any CPU
		{A9BE5EB1-25CC-4B0C-817F-57AC34E3F9A7}.Debug|Any CPU.Build.0 = Debug|Any CPU
		{A9BE5EB1-25CC-4B0C-817F-57AC34E3F9A7}.Release|Any CPU.ActiveCfg = Release|Any CPU
		{A9BE5EB1-25CC-4B0C-817F-57AC34E3F9A7}.Release|Any CPU.Build.0 = Release|Any CPU
		{2B07CA66-CD53-4F56-BD0C-70C7AA58B9E5}.Debug|Any CPU.ActiveCfg = Debug|Any CPU
		{2B07CA66-CD53-4F56-BD0C-70C7AA58B9E5}.Debug|Any CPU.Build.0 = Debug|Any CPU
		{2B07CA66-CD53-4F56-BD0C-70C7AA58B9E5}.Release|Any CPU.ActiveCfg = Release|Any CPU
		{2B07CA66-CD53-4F56-BD0C-70C7AA58B9E5}.Release|Any CPU.Build.0 = Release|Any CPU
		{2F800E22-F1A3-41F3-AF04-EAB0B3EA459C}.Debug|Any CPU.ActiveCfg = Debug|Any CPU
		{2F800E22-F1A3-41F3-AF04-EAB0B3EA459C}.Debug|Any CPU.Build.0 = Debug|Any CPU
		{2F800E22-F1A3-41F3-AF04-EAB0B3EA459C}.Release|Any CPU.ActiveCfg = Release|Any CPU
		{2F800E22-F1A3-41F3-AF04-EAB0B3EA459C}.Release|Any CPU.Build.0 = Release|Any CPU
	EndGlobalSection
	GlobalSection(SolutionProperties) = preSolution
		HideSolutionNode = FALSE
	EndGlobalSection
	GlobalSection(ExtensibilityGlobals) = postSolution
		SolutionGuid = {69F331F1-6F85-416C-B0C4-C0D24041E846}
	EndGlobalSection
EndGlobal
